// !$*UTF8*$!
{
	archiveVersion = 1;
	classes = {
	};
	objectVersion = 46;
	objects = {

/* Begin PBXBuildFile section */
		2B4792AB1E02E67F00BBB8D9 /* main.m in Sources */ = {isa = PBXBuildFile; fileRef = 2B4792AA1E02E67F00BBB8D9 /* main.m */; };
		2B4792AE1E02E67F00BBB8D9 /* AppDelegate.m in Sources */ = {isa = PBXBuildFile; fileRef = 2B4792AD1E02E67F00BBB8D9 /* AppDelegate.m */; };
		2B4792B11E02E67F00BBB8D9 /* ViewController.m in Sources */ = {isa = PBXBuildFile; fileRef = 2B4792B01E02E67F00BBB8D9 /* ViewController.m */; };
		2B4792B41E02E67F00BBB8D9 /* Main.storyboard in Resources */ = {isa = PBXBuildFile; fileRef = 2B4792B21E02E67F00BBB8D9 /* Main.storyboard */; };
		2B4792B61E02E67F00BBB8D9 /* Assets.xcassets in Resources */ = {isa = PBXBuildFile; fileRef = 2B4792B51E02E67F00BBB8D9 /* Assets.xcassets */; };
		2B4792B91E02E67F00BBB8D9 /* LaunchScreen.storyboard in Resources */ = {isa = PBXBuildFile; fileRef = 2B4792B71E02E67F00BBB8D9 /* LaunchScreen.storyboard */; };
		2B4792C11E02E6A600BBB8D9 /* license in Resources */ = {isa = PBXBuildFile; fileRef = 2B4792C01E02E6A600BBB8D9 /* license */; };
		2B4792C31E02E6BE00BBB8D9 /* LA.jpg in Resources */ = {isa = PBXBuildFile; fileRef = 2B4792C21E02E6BE00BBB8D9 /* LA.jpg */; };
/* End PBXBuildFile section */

/* Begin PBXFileReference section */
		2B4792A61E02E67F00BBB8D9 /* ObjcExample.app */ = {isa = PBXFileReference; explicitFileType = wrapper.application; includeInIndex = 0; path = ObjcExample.app; sourceTree = BUILT_PRODUCTS_DIR; };
		2B4792AA1E02E67F00BBB8D9 /* main.m */ = {isa = PBXFileReference; lastKnownFileType = sourcecode.c.objc; path = main.m; sourceTree = "<group>"; };
		2B4792AC1E02E67F00BBB8D9 /* AppDelegate.h */ = {isa = PBXFileReference; lastKnownFileType = sourcecode.c.h; path = AppDelegate.h; sourceTree = "<group>"; };
		2B4792AD1E02E67F00BBB8D9 /* AppDelegate.m */ = {isa = PBXFileReference; lastKnownFileType = sourcecode.c.objc; path = AppDelegate.m; sourceTree = "<group>"; };
		2B4792AF1E02E67F00BBB8D9 /* ViewController.h */ = {isa = PBXFileReference; lastKnownFileType = sourcecode.c.h; path = ViewController.h; sourceTree = "<group>"; };
		2B4792B01E02E67F00BBB8D9 /* ViewController.m */ = {isa = PBXFileReference; lastKnownFileType = sourcecode.c.objc; path = ViewController.m; sourceTree = "<group>"; };
		2B4792B31E02E67F00BBB8D9 /* Base */ = {isa = PBXFileReference; lastKnownFileType = file.storyboard; name = Base; path = Base.lproj/Main.storyboard; sourceTree = "<group>"; };
		2B4792B51E02E67F00BBB8D9 /* Assets.xcassets */ = {isa = PBXFileReference; lastKnownFileType = folder.assetcatalog; path = Assets.xcassets; sourceTree = "<group>"; };
		2B4792B81E02E67F00BBB8D9 /* Base */ = {isa = PBXFileReference; lastKnownFileType = file.storyboard; name = Base; path = Base.lproj/LaunchScreen.storyboard; sourceTree = "<group>"; };
		2B4792BA1E02E67F00BBB8D9 /* Info.plist */ = {isa = PBXFileReference; lastKnownFileType = text.plist.xml; path = Info.plist; sourceTree = "<group>"; };
		2B4792C01E02E6A600BBB8D9 /* license */ = {isa = PBXFileReference; fileEncoding = 4; lastKnownFileType = text; path = license; sourceTree = "<group>"; };
		2B4792C21E02E6BE00BBB8D9 /* LA.jpg */ = {isa = PBXFileReference; lastKnownFileType = image.jpeg; name = LA.jpg; path = ../../../Samples/LA.jpg; sourceTree = "<group>"; };
/* End PBXFileReference section */

/* Begin PBXFrameworksBuildPhase section */
		2B4792A31E02E67F00BBB8D9 /* Frameworks */ = {
			isa = PBXFrameworksBuildPhase;
			buildActionMask = 2147483647;
			files = (
			);
			runOnlyForDeploymentPostprocessing = 0;
		};
/* End PBXFrameworksBuildPhase section */

/* Begin PBXGroup section */
		2B47929D1E02E67E00BBB8D9 = {
			isa = PBXGroup;
			children = (
				2B4792A81E02E67F00BBB8D9 /* ObjcExample */,
				2B4792A71E02E67F00BBB8D9 /* Products */,
				9B387068C91493E4C6A0FCF4 /* Frameworks */,
			);
			sourceTree = "<group>";
		};
		2B4792A71E02E67F00BBB8D9 /* Products */ = {
			isa = PBXGroup;
			children = (
				2B4792A61E02E67F00BBB8D9 /* ObjcExample.app */,
			);
			name = Products;
			sourceTree = "<group>";
		};
		2B4792A81E02E67F00BBB8D9 /* ObjcExample */ = {
			isa = PBXGroup;
			children = (
				2B4792AC1E02E67F00BBB8D9 /* AppDelegate.h */,
				2B4792AD1E02E67F00BBB8D9 /* AppDelegate.m */,
				2B4792B51E02E67F00BBB8D9 /* Assets.xcassets */,
				2B4792BA1E02E67F00BBB8D9 /* Info.plist */,
				2B4792C21E02E6BE00BBB8D9 /* LA.jpg */,
				2B4792B71E02E67F00BBB8D9 /* LaunchScreen.storyboard */,
				2B4792C01E02E6A600BBB8D9 /* license */,
				2B4792B21E02E67F00BBB8D9 /* Main.storyboard */,
				2B4792A91E02E67F00BBB8D9 /* Supporting Files */,
				2B4792AF1E02E67F00BBB8D9 /* ViewController.h */,
				2B4792B01E02E67F00BBB8D9 /* ViewController.m */,
			);
			path = ObjcExample;
			sourceTree = "<group>";
		};
		2B4792A91E02E67F00BBB8D9 /* Supporting Files */ = {
			isa = PBXGroup;
			children = (
				2B4792AA1E02E67F00BBB8D9 /* main.m */,
			);
			name = "Supporting Files";
			sourceTree = "<group>";
		};
		9B387068C91493E4C6A0FCF4 /* Frameworks */ = {
			isa = PBXGroup;
			children = (
			);
			name = Frameworks;
			sourceTree = "<group>";
		};
/* End PBXGroup section */

/* Begin PBXNativeTarget section */
		2B4792A51E02E67F00BBB8D9 /* ObjcExample */ = {
			isa = PBXNativeTarget;
			buildConfigurationList = 2B4792BD1E02E67F00BBB8D9 /* Build configuration list for PBXNativeTarget "ObjcExample" */;
			buildPhases = (
				2B4792A21E02E67F00BBB8D9 /* Sources */,
				2B4792A31E02E67F00BBB8D9 /* Frameworks */,
				2B4792A41E02E67F00BBB8D9 /* Resources */,
			);
			buildRules = (
			);
			dependencies = (
			);
			name = ObjcExample;
			productName = ObjcExample;
			productReference = 2B4792A61E02E67F00BBB8D9 /* ObjcExample.app */;
			productType = "com.apple.product-type.application";
		};
/* End PBXNativeTarget section */

/* Begin PBXProject section */
		2B47929E1E02E67E00BBB8D9 /* Project object */ = {
			isa = PBXProject;
			attributes = {
				LastUpgradeCheck = 0820;
				ORGANIZATIONNAME = "9elements GmbH";
				TargetAttributes = {
					2B4792A51E02E67F00BBB8D9 = {
						CreatedOnToolsVersion = 8.2;
						ProvisioningStyle = Automatic;
					};
				};
			};
			buildConfigurationList = 2B4792A11E02E67E00BBB8D9 /* Build configuration list for PBXProject "ObjcExample" */;
			compatibilityVersion = "Xcode 3.2";
			developmentRegion = English;
			hasScannedForEncodings = 0;
			knownRegions = (
				en,
				Base,
			);
			mainGroup = 2B47929D1E02E67E00BBB8D9;
			productRefGroup = 2B4792A71E02E67F00BBB8D9 /* Products */;
			projectDirPath = "";
			projectRoot = "";
			targets = (
				2B4792A51E02E67F00BBB8D9 /* ObjcExample */,
			);
		};
/* End PBXProject section */

/* Begin PBXResourcesBuildPhase section */
		2B4792A41E02E67F00BBB8D9 /* Resources */ = {
			isa = PBXResourcesBuildPhase;
			buildActionMask = 2147483647;
			files = (
				2B4792C31E02E6BE00BBB8D9 /* LA.jpg in Resources */,
				2B4792B91E02E67F00BBB8D9 /* LaunchScreen.storyboard in Resources */,
				2B4792B61E02E67F00BBB8D9 /* Assets.xcassets in Resources */,
				2B4792C11E02E6A600BBB8D9 /* license in Resources */,
				2B4792B41E02E67F00BBB8D9 /* Main.storyboard in Resources */,
			);
			runOnlyForDeploymentPostprocessing = 0;
		};
/* End PBXResourcesBuildPhase section */

/* Begin PBXSourcesBuildPhase section */
		2B4792A21E02E67F00BBB8D9 /* Sources */ = {
			isa = PBXSourcesBuildPhase;
			buildActionMask = 2147483647;
			files = (
				2B4792B11E02E67F00BBB8D9 /* ViewController.m in Sources */,
				2B4792AE1E02E67F00BBB8D9 /* AppDelegate.m in Sources */,
				2B4792AB1E02E67F00BBB8D9 /* main.m in Sources */,
			);
			runOnlyForDeploymentPostprocessing = 0;
		};
/* End PBXSourcesBuildPhase section */

/* Begin PBXVariantGroup section */
		2B4792B21E02E67F00BBB8D9 /* Main.storyboard */ = {
			isa = PBXVariantGroup;
			children = (
				2B4792B31E02E67F00BBB8D9 /* Base */,
			);
			name = Main.storyboard;
			sourceTree = "<group>";
		};
		2B4792B71E02E67F00BBB8D9 /* LaunchScreen.storyboard */ = {
			isa = PBXVariantGroup;
			children = (
				2B4792B81E02E67F00BBB8D9 /* Base */,
			);
			name = LaunchScreen.storyboard;
			sourceTree = "<group>";
		};
/* End PBXVariantGroup section */

/* Begin XCBuildConfiguration section */
		2B4792BB1E02E67F00BBB8D9 /* Debug */ = {
			isa = XCBuildConfiguration;
			buildSettings = {
				ALWAYS_SEARCH_USER_PATHS = NO;
				CLANG_ANALYZER_NONNULL = YES;
				CLANG_CXX_LANGUAGE_STANDARD = "gnu++0x";
				CLANG_CXX_LIBRARY = "libc++";
				CLANG_ENABLE_MODULES = YES;
				CLANG_ENABLE_OBJC_ARC = YES;
				CLANG_WARN_BOOL_CONVERSION = YES;
				CLANG_WARN_CONSTANT_CONVERSION = YES;
				CLANG_WARN_DIRECT_OBJC_ISA_USAGE = YES_ERROR;
				CLANG_WARN_DOCUMENTATION_COMMENTS = YES;
				CLANG_WARN_EMPTY_BODY = YES;
				CLANG_WARN_ENUM_CONVERSION = YES;
				CLANG_WARN_INFINITE_RECURSION = YES;
				CLANG_WARN_INT_CONVERSION = YES;
				CLANG_WARN_OBJC_ROOT_CLASS = YES_ERROR;
				CLANG_WARN_SUSPICIOUS_MOVE = YES;
				CLANG_WARN_UNREACHABLE_CODE = YES;
				CLANG_WARN__DUPLICATE_METHOD_MATCH = YES;
				"CODE_SIGN_IDENTITY[sdk=iphoneos*]" = "iPhone Developer";
				COPY_PHASE_STRIP = NO;
				DEBUG_INFORMATION_FORMAT = dwarf;
				ENABLE_STRICT_OBJC_MSGSEND = YES;
				ENABLE_TESTABILITY = YES;
				GCC_C_LANGUAGE_STANDARD = gnu99;
				GCC_DYNAMIC_NO_PIC = NO;
				GCC_NO_COMMON_BLOCKS = YES;
				GCC_OPTIMIZATION_LEVEL = 0;
				GCC_PREPROCESSOR_DEFINITIONS = (
					"DEBUG=1",
					"$(inherited)",
				);
				GCC_WARN_64_TO_32_BIT_CONVERSION = YES;
				GCC_WARN_ABOUT_RETURN_TYPE = YES_ERROR;
				GCC_WARN_UNDECLARED_SELECTOR = YES;
				GCC_WARN_UNINITIALIZED_AUTOS = YES_AGGRESSIVE;
				GCC_WARN_UNUSED_FUNCTION = YES;
				GCC_WARN_UNUSED_VARIABLE = YES;
				IPHONEOS_DEPLOYMENT_TARGET = 9.0;
				MTL_ENABLE_DEBUG_INFO = YES;
				ONLY_ACTIVE_ARCH = YES;
				SDKROOT = iphoneos;
				TARGETED_DEVICE_FAMILY = "1,2";
			};
			name = Debug;
		};
		2B4792BC1E02E67F00BBB8D9 /* Release */ = {
			isa = XCBuildConfiguration;
			buildSettings = {
				ALWAYS_SEARCH_USER_PATHS = NO;
				CLANG_ANALYZER_NONNULL = YES;
				CLANG_CXX_LANGUAGE_STANDARD = "gnu++0x";
				CLANG_CXX_LIBRARY = "libc++";
				CLANG_ENABLE_MODULES = YES;
				CLANG_ENABLE_OBJC_ARC = YES;
				CLANG_WARN_BOOL_CONVERSION = YES;
				CLANG_WARN_CONSTANT_CONVERSION = YES;
				CLANG_WARN_DIRECT_OBJC_ISA_USAGE = YES_ERROR;
				CLANG_WARN_DOCUMENTATION_COMMENTS = YES;
				CLANG_WARN_EMPTY_BODY = YES;
				CLANG_WARN_ENUM_CONVERSION = YES;
				CLANG_WARN_INFINITE_RECURSION = YES;
				CLANG_WARN_INT_CONVERSION = YES;
				CLANG_WARN_OBJC_ROOT_CLASS = YES_ERROR;
				CLANG_WARN_SUSPICIOUS_MOVE = YES;
				CLANG_WARN_UNREACHABLE_CODE = YES;
				CLANG_WARN__DUPLICATE_METHOD_MATCH = YES;
				"CODE_SIGN_IDENTITY[sdk=iphoneos*]" = "iPhone Developer";
				COPY_PHASE_STRIP = NO;
				DEBUG_INFORMATION_FORMAT = "dwarf-with-dsym";
				ENABLE_NS_ASSERTIONS = NO;
				ENABLE_STRICT_OBJC_MSGSEND = YES;
				GCC_C_LANGUAGE_STANDARD = gnu99;
				GCC_NO_COMMON_BLOCKS = YES;
				GCC_WARN_64_TO_32_BIT_CONVERSION = YES;
				GCC_WARN_ABOUT_RETURN_TYPE = YES_ERROR;
				GCC_WARN_UNDECLARED_SELECTOR = YES;
				GCC_WARN_UNINITIALIZED_AUTOS = YES_AGGRESSIVE;
				GCC_WARN_UNUSED_FUNCTION = YES;
				GCC_WARN_UNUSED_VARIABLE = YES;
				IPHONEOS_DEPLOYMENT_TARGET = 9.0;
				MTL_ENABLE_DEBUG_INFO = NO;
				SDKROOT = iphoneos;
				TARGETED_DEVICE_FAMILY = "1,2";
				VALIDATE_PRODUCT = YES;
			};
			name = Release;
		};
		2B4792BE1E02E67F00BBB8D9 /* Debug */ = {
			isa = XCBuildConfiguration;
			buildSettings = {
				ALWAYS_EMBED_SWIFT_STANDARD_LIBRARIES = YES;
				ASSETCATALOG_COMPILER_APPICON_NAME = AppIcon;
				INFOPLIST_FILE = ObjcExample/Info.plist;
				LD_RUNPATH_SEARCH_PATHS = "$(inherited) @executable_path/Frameworks";
				PRODUCT_BUNDLE_IDENTIFIER = ly.img.PhotoEditorSDK.ObjC.ObjcExample;
				PRODUCT_NAME = "$(TARGET_NAME)";
			};
			name = Debug;
		};
		2B4792BF1E02E67F00BBB8D9 /* Release */ = {
			isa = XCBuildConfiguration;
			buildSettings = {
				ALWAYS_EMBED_SWIFT_STANDARD_LIBRARIES = YES;
				ASSETCATALOG_COMPILER_APPICON_NAME = AppIcon;
				INFOPLIST_FILE = ObjcExample/Info.plist;
				LD_RUNPATH_SEARCH_PATHS = "$(inherited) @executable_path/Frameworks";
				PRODUCT_BUNDLE_IDENTIFIER = ly.img.PhotoEditorSDK.ObjC.ObjcExample;
				PRODUCT_NAME = "$(TARGET_NAME)";
			};
			name = Release;
		};
/* End XCBuildConfiguration section */

/* Begin XCConfigurationList section */
		2B4792A11E02E67E00BBB8D9 /* Build configuration list for PBXProject "ObjcExample" */ = {
			isa = XCConfigurationList;
			buildConfigurations = (
				2B4792BB1E02E67F00BBB8D9 /* Debug */,
				2B4792BC1E02E67F00BBB8D9 /* Release */,
			);
			defaultConfigurationIsVisible = 0;
			defaultConfigurationName = Release;
		};
		2B4792BD1E02E67F00BBB8D9 /* Build configuration list for PBXNativeTarget "ObjcExample" */ = {
			isa = XCConfigurationList;
			buildConfigurations = (
				2B4792BE1E02E67F00BBB8D9 /* Debug */,
				2B4792BF1E02E67F00BBB8D9 /* Release */,
			);
			defaultConfigurationIsVisible = 0;
			defaultConfigurationName = Release;
		};
/* End XCConfigurationList section */
	};
	rootObject = 2B47929E1E02E67E00BBB8D9 /* Project object */;
}
