// !$*UTF8*$!
{
	archiveVersion = 1;
	classes = {
	};
	objectVersion = 52;
	objects = {

/* Begin PBXBuildFile section */
		FC1EFAB926EF70EA00A4A3D2 /* SwiftUIExampleApp.swift in Sources */ = {isa = PBXBuildFile; fileRef = FC1EFAB826EF70EA00A4A3D2 /* SwiftUIExampleApp.swift */; };
		FC1EFABB26EF70EA00A4A3D2 /* ContentView.swift in Sources */ = {isa = PBXBuildFile; fileRef = FC1EFABA26EF70EA00A4A3D2 /* ContentView.swift */; };
		FC1EFABD26EF70EC00A4A3D2 /* Assets.xcassets in Resources */ = {isa = PBXBuildFile; fileRef = FC1EFABC26EF70EC00A4A3D2 /* Assets.xcassets */; };
		FC1EFAC026EF70EC00A4A3D2 /* Preview Assets.xcassets in Resources */ = {isa = PBXBuildFile; fileRef = FC1EFABF26EF70EC00A4A3D2 /* Preview Assets.xcassets */; };
		FC1EFAC926EF718F00A4A3D2 /* PhotoEditorSDK in Frameworks */ = {isa = PBXBuildFile; productRef = FC1EFAC826EF718F00A4A3D2 /* PhotoEditorSDK */; };
		FC1EFACC26EF7BB100A4A3D2 /* LA.jpg in Resources */ = {isa = PBXBuildFile; fileRef = FC1EFACB26EF7BB100A4A3D2 /* LA.jpg */; };
/* End PBXBuildFile section */

/* Begin PBXFileReference section */
		FC1EFAB526EF70EA00A4A3D2 /* SwiftUIExample.app */ = {isa = PBXFileReference; explicitFileType = wrapper.application; includeInIndex = 0; path = SwiftUIExample.app; sourceTree = BUILT_PRODUCTS_DIR; };
		FC1EFAB826EF70EA00A4A3D2 /* SwiftUIExampleApp.swift */ = {isa = PBXFileReference; lastKnownFileType = sourcecode.swift; path = SwiftUIExampleApp.swift; sourceTree = "<group>"; };
		FC1EFABA26EF70EA00A4A3D2 /* ContentView.swift */ = {isa = PBXFileReference; lastKnownFileType = sourcecode.swift; path = ContentView.swift; sourceTree = "<group>"; };
		FC1EFABC26EF70EC00A4A3D2 /* Assets.xcassets */ = {isa = PBXFileReference; lastKnownFileType = folder.assetcatalog; path = Assets.xcassets; sourceTree = "<group>"; };
		FC1EFABF26EF70EC00A4A3D2 /* Preview Assets.xcassets */ = {isa = PBXFileReference; lastKnownFileType = folder.assetcatalog; path = "Preview Assets.xcassets"; sourceTree = "<group>"; };
		FC1EFAC126EF70EC00A4A3D2 /* Info.plist */ = {isa = PBXFileReference; lastKnownFileType = text.plist.xml; path = Info.plist; sourceTree = "<group>"; };
		FC1EFACB26EF7BB100A4A3D2 /* LA.jpg */ = {isa = PBXFileReference; lastKnownFileType = image.jpeg; name = LA.jpg; path = ../../../Assets/LA.jpg; sourceTree = "<group>"; };
/* End PBXFileReference section */

/* Begin PBXFrameworksBuildPhase section */
		FC1EFAB226EF70EA00A4A3D2 /* Frameworks */ = {
			isa = PBXFrameworksBuildPhase;
			buildActionMask = 2147483647;
			files = (
				FC1EFAC926EF718F00A4A3D2 /* PhotoEditorSDK in Frameworks */,
			);
			runOnlyForDeploymentPostprocessing = 0;
		};
/* End PBXFrameworksBuildPhase section */

/* Begin PBXGroup section */
		FC1EFAAC26EF70EA00A4A3D2 = {
			isa = PBXGroup;
			children = (
				FC1EFAB726EF70EA00A4A3D2 /* SwiftUIExample */,
				FC1EFAB626EF70EA00A4A3D2 /* Products */,
			);
			sourceTree = "<group>";
		};
		FC1EFAB626EF70EA00A4A3D2 /* Products */ = {
			isa = PBXGroup;
			children = (
				FC1EFAB526EF70EA00A4A3D2 /* SwiftUIExample.app */,
			);
			name = Products;
			sourceTree = "<group>";
		};
		FC1EFAB726EF70EA00A4A3D2 /* SwiftUIExample */ = {
			isa = PBXGroup;
			children = (
				FC1EFAB826EF70EA00A4A3D2 /* SwiftUIExampleApp.swift */,
				FC1EFABA26EF70EA00A4A3D2 /* ContentView.swift */,
				FC1EFABC26EF70EC00A4A3D2 /* Assets.xcassets */,
				FC1EFAC126EF70EC00A4A3D2 /* Info.plist */,
				FC1EFACB26EF7BB100A4A3D2 /* LA.jpg */,
				FC1EFABE26EF70EC00A4A3D2 /* Preview Content */,
			);
			path = SwiftUIExample;
			sourceTree = "<group>";
		};
		FC1EFABE26EF70EC00A4A3D2 /* Preview Content */ = {
			isa = PBXGroup;
			children = (
				FC1EFABF26EF70EC00A4A3D2 /* Preview Assets.xcassets */,
			);
			path = "Preview Content";
			sourceTree = "<group>";
		};
/* End PBXGroup section */

/* Begin PBXNativeTarget section */
		FC1EFAB426EF70EA00A4A3D2 /* SwiftUIExample */ = {
			isa = PBXNativeTarget;
			buildConfigurationList = FC1EFAC426EF70EC00A4A3D2 /* Build configuration list for PBXNativeTarget "SwiftUIExample" */;
			buildPhases = (
				FC1EFAB126EF70EA00A4A3D2 /* Sources */,
				FC1EFAB226EF70EA00A4A3D2 /* Frameworks */,
				FC1EFAB326EF70EA00A4A3D2 /* Resources */,
			);
			buildRules = (
			);
			dependencies = (
			);
			name = SwiftUIExample;
			packageProductDependencies = (
				FC1EFAC826EF718F00A4A3D2 /* PhotoEditorSDK */,
			);
			productName = SwiftUIExample;
			productReference = FC1EFAB526EF70EA00A4A3D2 /* SwiftUIExample.app */;
			productType = "com.apple.product-type.application";
		};
/* End PBXNativeTarget section */

/* Begin PBXProject section */
		FC1EFAAD26EF70EA00A4A3D2 /* Project object */ = {
			isa = PBXProject;
			attributes = {
				LastSwiftUpdateCheck = 1250;
				LastUpgradeCheck = 1250;
				TargetAttributes = {
					FC1EFAB426EF70EA00A4A3D2 = {
						CreatedOnToolsVersion = 12.5.1;
					};
				};
			};
			buildConfigurationList = FC1EFAB026EF70EA00A4A3D2 /* Build configuration list for PBXProject "SwiftUIExample" */;
			compatibilityVersion = "Xcode 9.3";
			developmentRegion = en;
			hasScannedForEncodings = 0;
			knownRegions = (
				en,
				Base,
			);
			mainGroup = FC1EFAAC26EF70EA00A4A3D2;
			packageReferences = (
				FC1EFAC726EF718F00A4A3D2 /* XCRemoteSwiftPackageReference "pesdk-ios-build" */,
			);
			productRefGroup = FC1EFAB626EF70EA00A4A3D2 /* Products */;
			projectDirPath = "";
			projectRoot = "";
			targets = (
				FC1EFAB426EF70EA00A4A3D2 /* SwiftUIExample */,
			);
		};
/* End PBXProject section */

/* Begin PBXResourcesBuildPhase section */
		FC1EFAB326EF70EA00A4A3D2 /* Resources */ = {
			isa = PBXResourcesBuildPhase;
			buildActionMask = 2147483647;
			files = (
				FC1EFAC026EF70EC00A4A3D2 /* Preview Assets.xcassets in Resources */,
				FC1EFABD26EF70EC00A4A3D2 /* Assets.xcassets in Resources */,
				FC1EFACC26EF7BB100A4A3D2 /* LA.jpg in Resources */,
			);
			runOnlyForDeploymentPostprocessing = 0;
		};
/* End PBXResourcesBuildPhase section */

/* Begin PBXSourcesBuildPhase section */
		FC1EFAB126EF70EA00A4A3D2 /* Sources */ = {
			isa = PBXSourcesBuildPhase;
			buildActionMask = 2147483647;
			files = (
				FC1EFABB26EF70EA00A4A3D2 /* ContentView.swift in Sources */,
				FC1EFAB926EF70EA00A4A3D2 /* SwiftUIExampleApp.swift in Sources */,
			);
			runOnlyForDeploymentPostprocessing = 0;
		};
/* End PBXSourcesBuildPhase section */

/* Begin XCBuildConfiguration section */
		FC1EFAC226EF70EC00A4A3D2 /* Debug */ = {
			isa = XCBuildConfiguration;
			buildSettings = {
				ALWAYS_SEARCH_USER_PATHS = NO;
				CLANG_ANALYZER_NONNULL = YES;
				CLANG_ANALYZER_NUMBER_OBJECT_CONVERSION = YES_AGGRESSIVE;
				CLANG_CXX_LANGUAGE_STANDARD = "gnu++14";
				CLANG_CXX_LIBRARY = "libc++";
				CLANG_ENABLE_MODULES = YES;
				CLANG_ENABLE_OBJC_ARC = YES;
				CLANG_ENABLE_OBJC_WEAK = YES;
				CLANG_WARN_BLOCK_CAPTURE_AUTORELEASING = YES;
				CLANG_WARN_BOOL_CONVERSION = YES;
				CLANG_WARN_COMMA = YES;
				CLANG_WARN_CONSTANT_CONVERSION = YES;
				CLANG_WARN_DEPRECATED_OBJC_IMPLEMENTATIONS = YES;
				CLANG_WARN_DIRECT_OBJC_ISA_USAGE = YES_ERROR;
				CLANG_WARN_DOCUMENTATION_COMMENTS = YES;
				CLANG_WARN_EMPTY_BODY = YES;
				CLANG_WARN_ENUM_CONVERSION = YES;
				CLANG_WARN_INFINITE_RECURSION = YES;
				CLANG_WARN_INT_CONVERSION = YES;
				CLANG_WARN_NON_LITERAL_NULL_CONVERSION = YES;
				CLANG_WARN_OBJC_IMPLICIT_RETAIN_SELF = YES;
				CLANG_WARN_OBJC_LITERAL_CONVERSION = YES;
				CLANG_WARN_OBJC_ROOT_CLASS = YES_ERROR;
				CLANG_WARN_QUOTED_INCLUDE_IN_FRAMEWORK_HEADER = YES;
				CLANG_WARN_RANGE_LOOP_ANALYSIS = YES;
				CLANG_WARN_STRICT_PROTOTYPES = YES;
				CLANG_WARN_SUSPICIOUS_MOVE = YES;
				CLANG_WARN_UNGUARDED_AVAILABILITY = YES_AGGRESSIVE;
				CLANG_WARN_UNREACHABLE_CODE = YES;
				CLANG_WARN__DUPLICATE_METHOD_MATCH = YES;
				COPY_PHASE_STRIP = NO;
				DEBUG_INFORMATION_FORMAT = dwarf;
				ENABLE_STRICT_OBJC_MSGSEND = YES;
				ENABLE_TESTABILITY = YES;
				GCC_C_LANGUAGE_STANDARD = gnu11;
				GCC_DYNAMIC_NO_PIC = NO;
				GCC_NO_COMMON_BLOCKS = YES;
				GCC_OPTIMIZATION_LEVEL = 0;
				GCC_PREPROCESSOR_DEFINITIONS = (
					"DEBUG=1",
					"$(inherited)",
				);
				GCC_WARN_64_TO_32_BIT_CONVERSION = YES;
				GCC_WARN_ABOUT_RETURN_TYPE = YES_ERROR;
				GCC_WARN_UNDECLARED_SELECTOR = YES;
				GCC_WARN_UNINITIALIZED_AUTOS = YES_AGGRESSIVE;
				GCC_WARN_UNUSED_FUNCTION = YES;
				GCC_WARN_UNUSED_VARIABLE = YES;
				MTL_ENABLE_DEBUG_INFO = INCLUDE_SOURCE;
				MTL_FAST_MATH = YES;
				ONLY_ACTIVE_ARCH = YES;
				SDKROOT = iphoneos;
				SWIFT_ACTIVE_COMPILATION_CONDITIONS = DEBUG;
				SWIFT_OPTIMIZATION_LEVEL = "-Onone";
			};
			name = Debug;
		};
		FC1EFAC326EF70EC00A4A3D2 /* Release */ = {
			isa = XCBuildConfiguration;
			buildSettings = {
				ALWAYS_SEARCH_USER_PATHS = NO;
				CLANG_ANALYZER_NONNULL = YES;
				CLANG_ANALYZER_NUMBER_OBJECT_CONVERSION = YES_AGGRESSIVE;
				CLANG_CXX_LANGUAGE_STANDARD = "gnu++14";
				CLANG_CXX_LIBRARY = "libc++";
				CLANG_ENABLE_MODULES = YES;
				CLANG_ENABLE_OBJC_ARC = YES;
				CLANG_ENABLE_OBJC_WEAK = YES;
				CLANG_WARN_BLOCK_CAPTURE_AUTORELEASING = YES;
				CLANG_WARN_BOOL_CONVERSION = YES;
				CLANG_WARN_COMMA = YES;
				CLANG_WARN_CONSTANT_CONVERSION = YES;
				CLANG_WARN_DEPRECATED_OBJC_IMPLEMENTATIONS = YES;
				CLANG_WARN_DIRECT_OBJC_ISA_USAGE = YES_ERROR;
				CLANG_WARN_DOCUMENTATION_COMMENTS = YES;
				CLANG_WARN_EMPTY_BODY = YES;
				CLANG_WARN_ENUM_CONVERSION = YES;
				CLANG_WARN_INFINITE_RECURSION = YES;
				CLANG_WARN_INT_CONVERSION = YES;
				CLANG_WARN_NON_LITERAL_NULL_CONVERSION = YES;
				CLANG_WARN_OBJC_IMPLICIT_RETAIN_SELF = YES;
				CLANG_WARN_OBJC_LITERAL_CONVERSION = YES;
				CLANG_WARN_OBJC_ROOT_CLASS = YES_ERROR;
				CLANG_WARN_QUOTED_INCLUDE_IN_FRAMEWORK_HEADER = YES;
				CLANG_WARN_RANGE_LOOP_ANALYSIS = YES;
				CLANG_WARN_STRICT_PROTOTYPES = YES;
				CLANG_WARN_SUSPICIOUS_MOVE = YES;
				CLANG_WARN_UNGUARDED_AVAILABILITY = YES_AGGRESSIVE;
				CLANG_WARN_UNREACHABLE_CODE = YES;
				CLANG_WARN__DUPLICATE_METHOD_MATCH = YES;
				COPY_PHASE_STRIP = NO;
				DEBUG_INFORMATION_FORMAT = "dwarf-with-dsym";
				ENABLE_NS_ASSERTIONS = NO;
				ENABLE_STRICT_OBJC_MSGSEND = YES;
				GCC_C_LANGUAGE_STANDARD = gnu11;
				GCC_NO_COMMON_BLOCKS = YES;
				GCC_WARN_64_TO_32_BIT_CONVERSION = YES;
				GCC_WARN_ABOUT_RETURN_TYPE = YES_ERROR;
				GCC_WARN_UNDECLARED_SELECTOR = YES;
				GCC_WARN_UNINITIALIZED_AUTOS = YES_AGGRESSIVE;
				GCC_WARN_UNUSED_FUNCTION = YES;
				GCC_WARN_UNUSED_VARIABLE = YES;
				MTL_ENABLE_DEBUG_INFO = NO;
				MTL_FAST_MATH = YES;
				SDKROOT = iphoneos;
				SWIFT_COMPILATION_MODE = wholemodule;
				SWIFT_OPTIMIZATION_LEVEL = "-O";
				VALIDATE_PRODUCT = YES;
			};
			name = Release;
		};
		FC1EFAC526EF70EC00A4A3D2 /* Debug */ = {
			isa = XCBuildConfiguration;
			buildSettings = {
				ASSETCATALOG_COMPILER_APPICON_NAME = AppIcon;
				ASSETCATALOG_COMPILER_GLOBAL_ACCENT_COLOR_NAME = AccentColor;
				CODE_SIGN_STYLE = Automatic;
				DEVELOPMENT_ASSET_PATHS = "\"SwiftUIExample/Preview Content\"";
				ENABLE_PREVIEWS = YES;
				GCC_PREPROCESSOR_DEFINITIONS = (
					"GLES_SILENCE_DEPRECATION=1",
					"$(inherited)",
				);
				INFOPLIST_FILE = SwiftUIExample/Info.plist;
				IPHONEOS_DEPLOYMENT_TARGET = 14.0;
				LD_RUNPATH_SEARCH_PATHS = (
					"$(inherited)",
					"@executable_path/Frameworks",
				);
				PRODUCT_BUNDLE_IDENTIFIER = ly.img.PhotoEditorSDK.Swift.SwiftExample;
				PRODUCT_NAME = "$(TARGET_NAME)";
				SWIFT_VERSION = 5.6;
				TARGETED_DEVICE_FAMILY = "1,2";
			};
			name = Debug;
		};
		FC1EFAC626EF70EC00A4A3D2 /* Release */ = {
			isa = XCBuildConfiguration;
			buildSettings = {
				ASSETCATALOG_COMPILER_APPICON_NAME = AppIcon;
				ASSETCATALOG_COMPILER_GLOBAL_ACCENT_COLOR_NAME = AccentColor;
				CODE_SIGN_STYLE = Automatic;
				DEVELOPMENT_ASSET_PATHS = "\"SwiftUIExample/Preview Content\"";
				ENABLE_PREVIEWS = YES;
				GCC_PREPROCESSOR_DEFINITIONS = (
					"GLES_SILENCE_DEPRECATION=1",
					"$(inherited)",
				);
				INFOPLIST_FILE = SwiftUIExample/Info.plist;
				IPHONEOS_DEPLOYMENT_TARGET = 14.0;
				LD_RUNPATH_SEARCH_PATHS = (
					"$(inherited)",
					"@executable_path/Frameworks",
				);
				PRODUCT_BUNDLE_IDENTIFIER = ly.img.PhotoEditorSDK.Swift.SwiftExample;
				PRODUCT_NAME = "$(TARGET_NAME)";
				SWIFT_VERSION = 5.6;
				TARGETED_DEVICE_FAMILY = "1,2";
			};
			name = Release;
		};
/* End XCBuildConfiguration section */

/* Begin XCConfigurationList section */
		FC1EFAB026EF70EA00A4A3D2 /* Build configuration list for PBXProject "SwiftUIExample" */ = {
			isa = XCConfigurationList;
			buildConfigurations = (
				FC1EFAC226EF70EC00A4A3D2 /* Debug */,
				FC1EFAC326EF70EC00A4A3D2 /* Release */,
			);
			defaultConfigurationIsVisible = 0;
			defaultConfigurationName = Release;
		};
		FC1EFAC426EF70EC00A4A3D2 /* Build configuration list for PBXNativeTarget "SwiftUIExample" */ = {
			isa = XCConfigurationList;
			buildConfigurations = (
				FC1EFAC526EF70EC00A4A3D2 /* Debug */,
				FC1EFAC626EF70EC00A4A3D2 /* Release */,
			);
			defaultConfigurationIsVisible = 0;
			defaultConfigurationName = Release;
		};
/* End XCConfigurationList section */

/* Begin XCRemoteSwiftPackageReference section */
		FC1EFAC726EF718F00A4A3D2 /* XCRemoteSwiftPackageReference "pesdk-ios-build" */ = {
			isa = XCRemoteSwiftPackageReference;
			repositoryURL = "https://github.com/imgly/pesdk-ios-build";
			requirement = {
				kind = upToNextMajorVersion;
				minimumVersion = 10.29.0;
			};
		};
/* End XCRemoteSwiftPackageReference section */

/* Begin XCSwiftPackageProductDependency section */
		FC1EFAC826EF718F00A4A3D2 /* PhotoEditorSDK */ = {
			isa = XCSwiftPackageProductDependency;
			package = FC1EFAC726EF718F00A4A3D2 /* XCRemoteSwiftPackageReference "pesdk-ios-build" */;
			productName = PhotoEditorSDK;
		};
/* End XCSwiftPackageProductDependency section */
	};
	rootObject = FC1EFAAD26EF70EA00A4A3D2 /* Project object */;
}
