// !$*UTF8*$!
{
	archiveVersion = 1;
	classes = {
	};
	objectVersion = 46;
	objects = {

/* Begin PBXBuildFile section */
		2B47929B1E02DF6100BBB8D9 /* LA.jpg in Resources */ = {isa = PBXBuildFile; fileRef = 2B47929A1E02DF6100BBB8D9 /* LA.jpg */; };
		2B6EC46B1E02D46B007525F4 /* AppDelegate.swift in Sources */ = {isa = PBXBuildFile; fileRef = 2B6EC46A1E02D46B007525F4 /* AppDelegate.swift */; };
		2B6EC46D1E02D46B007525F4 /* ViewController.swift in Sources */ = {isa = PBXBuildFile; fileRef = 2B6EC46C1E02D46B007525F4 /* ViewController.swift */; };
		2B6EC4701E02D46B007525F4 /* Main.storyboard in Resources */ = {isa = PBXBuildFile; fileRef = 2B6EC46E1E02D46B007525F4 /* Main.storyboard */; };
		2B6EC4721E02D46B007525F4 /* Assets.xcassets in Resources */ = {isa = PBXBuildFile; fileRef = 2B6EC4711E02D46B007525F4 /* Assets.xcassets */; };
		2B6EC4751E02D46B007525F4 /* LaunchScreen.storyboard in Resources */ = {isa = PBXBuildFile; fileRef = 2B6EC4731E02D46B007525F4 /* LaunchScreen.storyboard */; };
		2B6EC4801E02D66F007525F4 /* license in Resources */ = {isa = PBXBuildFile; fileRef = 2B6EC47F1E02D66F007525F4 /* license */; };
/* End PBXBuildFile section */

/* Begin PBXCopyFilesBuildPhase section */
		2B6EC4841E02D731007525F4 /* Embed Frameworks */ = {
			isa = PBXCopyFilesBuildPhase;
			buildActionMask = 2147483647;
			dstPath = "";
			dstSubfolderSpec = 10;
			files = (
			);
			name = "Embed Frameworks";
			runOnlyForDeploymentPostprocessing = 0;
		};
/* End PBXCopyFilesBuildPhase section */

/* Begin PBXFileReference section */
		2B47929A1E02DF6100BBB8D9 /* LA.jpg */ = {isa = PBXFileReference; lastKnownFileType = image.jpeg; name = LA.jpg; path = ../../../Samples/LA.jpg; sourceTree = "<group>"; };
		2B6EC4671E02D46B007525F4 /* SwiftExample.app */ = {isa = PBXFileReference; explicitFileType = wrapper.application; includeInIndex = 0; path = SwiftExample.app; sourceTree = BUILT_PRODUCTS_DIR; };
		2B6EC46A1E02D46B007525F4 /* AppDelegate.swift */ = {isa = PBXFileReference; lastKnownFileType = sourcecode.swift; path = AppDelegate.swift; sourceTree = "<group>"; };
		2B6EC46C1E02D46B007525F4 /* ViewController.swift */ = {isa = PBXFileReference; lastKnownFileType = sourcecode.swift; path = ViewController.swift; sourceTree = "<group>"; };
		2B6EC46F1E02D46B007525F4 /* Base */ = {isa = PBXFileReference; lastKnownFileType = file.storyboard; name = Base; path = Base.lproj/Main.storyboard; sourceTree = "<group>"; };
		2B6EC4711E02D46B007525F4 /* Assets.xcassets */ = {isa = PBXFileReference; lastKnownFileType = folder.assetcatalog; path = Assets.xcassets; sourceTree = "<group>"; };
		2B6EC4741E02D46B007525F4 /* Base */ = {isa = PBXFileReference; lastKnownFileType = file.storyboard; name = Base; path = Base.lproj/LaunchScreen.storyboard; sourceTree = "<group>"; };
		2B6EC4761E02D46B007525F4 /* Info.plist */ = {isa = PBXFileReference; lastKnownFileType = text.plist.xml; path = Info.plist; sourceTree = "<group>"; };
		2B6EC47F1E02D66F007525F4 /* license */ = {isa = PBXFileReference; fileEncoding = 4; lastKnownFileType = text; path = license; sourceTree = "<group>"; };
/* End PBXFileReference section */

/* Begin PBXFrameworksBuildPhase section */
		2B6EC4641E02D46B007525F4 /* Frameworks */ = {
			isa = PBXFrameworksBuildPhase;
			buildActionMask = 2147483647;
			files = (
			);
			runOnlyForDeploymentPostprocessing = 0;
		};
/* End PBXFrameworksBuildPhase section */

/* Begin PBXGroup section */
		2B6EC45E1E02D46A007525F4 = {
			isa = PBXGroup;
			children = (
				2B6EC4691E02D46B007525F4 /* SwiftExample */,
				2B6EC4681E02D46B007525F4 /* Products */,
				B9A4C2448A4FB29985FFA595 /* Frameworks */,
			);
			sourceTree = "<group>";
		};
		2B6EC4681E02D46B007525F4 /* Products */ = {
			isa = PBXGroup;
			children = (
				2B6EC4671E02D46B007525F4 /* SwiftExample.app */,
			);
			name = Products;
			sourceTree = "<group>";
		};
		2B6EC4691E02D46B007525F4 /* SwiftExample */ = {
			isa = PBXGroup;
			children = (
				2B6EC46A1E02D46B007525F4 /* AppDelegate.swift */,
				2B6EC4711E02D46B007525F4 /* Assets.xcassets */,
				2B6EC4761E02D46B007525F4 /* Info.plist */,
				2B47929A1E02DF6100BBB8D9 /* LA.jpg */,
				2B6EC4731E02D46B007525F4 /* LaunchScreen.storyboard */,
				2B6EC47F1E02D66F007525F4 /* license */,
				2B6EC46E1E02D46B007525F4 /* Main.storyboard */,
				2B6EC46C1E02D46B007525F4 /* ViewController.swift */,
			);
			path = SwiftExample;
			sourceTree = "<group>";
		};
		B9A4C2448A4FB29985FFA595 /* Frameworks */ = {
			isa = PBXGroup;
			children = (
			);
			name = Frameworks;
			sourceTree = "<group>";
		};
/* End PBXGroup section */

/* Begin PBXNativeTarget section */
		2B6EC4661E02D46B007525F4 /* SwiftExample */ = {
			isa = PBXNativeTarget;
			buildConfigurationList = 2B6EC4791E02D46B007525F4 /* Build configuration list for PBXNativeTarget "SwiftExample" */;
			buildPhases = (
				2B6EC4631E02D46B007525F4 /* Sources */,
				2B6EC4641E02D46B007525F4 /* Frameworks */,
				2B6EC4651E02D46B007525F4 /* Resources */,
				2B6EC4841E02D731007525F4 /* Embed Frameworks */,
			);
			buildRules = (
			);
			dependencies = (
			);
			name = SwiftExample;
			productName = SwiftExample;
			productReference = 2B6EC4671E02D46B007525F4 /* SwiftExample.app */;
			productType = "com.apple.product-type.application";
		};
/* End PBXNativeTarget section */

/* Begin PBXProject section */
		2B6EC45F1E02D46A007525F4 /* Project object */ = {
			isa = PBXProject;
			attributes = {
				LastSwiftUpdateCheck = 0820;
				LastUpgradeCheck = 0820;
				ORGANIZATIONNAME = "9elements GmbH";
				TargetAttributes = {
					2B6EC4661E02D46B007525F4 = {
						CreatedOnToolsVersion = 8.2;
						ProvisioningStyle = Automatic;
					};
				};
			};
			buildConfigurationList = 2B6EC4621E02D46A007525F4 /* Build configuration list for PBXProject "SwiftExample" */;
			compatibilityVersion = "Xcode 3.2";
			developmentRegion = English;
			hasScannedForEncodings = 0;
			knownRegions = (
				en,
				Base,
			);
			mainGroup = 2B6EC45E1E02D46A007525F4;
			productRefGroup = 2B6EC4681E02D46B007525F4 /* Products */;
			projectDirPath = "";
			projectRoot = "";
			targets = (
				2B6EC4661E02D46B007525F4 /* SwiftExample */,
			);
		};
/* End PBXProject section */

/* Begin PBXResourcesBuildPhase section */
		2B6EC4651E02D46B007525F4 /* Resources */ = {
			isa = PBXResourcesBuildPhase;
			buildActionMask = 2147483647;
			files = (
				2B47929B1E02DF6100BBB8D9 /* LA.jpg in Resources */,
				2B6EC4751E02D46B007525F4 /* LaunchScreen.storyboard in Resources */,
				2B6EC4721E02D46B007525F4 /* Assets.xcassets in Resources */,
				2B6EC4801E02D66F007525F4 /* license in Resources */,
				2B6EC4701E02D46B007525F4 /* Main.storyboard in Resources */,
			);
			runOnlyForDeploymentPostprocessing = 0;
		};
/* End PBXResourcesBuildPhase section */

/* Begin PBXSourcesBuildPhase section */
		2B6EC4631E02D46B007525F4 /* Sources */ = {
			isa = PBXSourcesBuildPhase;
			buildActionMask = 2147483647;
			files = (
				2B6EC46D1E02D46B007525F4 /* ViewController.swift in Sources */,
				2B6EC46B1E02D46B007525F4 /* AppDelegate.swift in Sources */,
			);
			runOnlyForDeploymentPostprocessing = 0;
		};
/* End PBXSourcesBuildPhase section */

/* Begin PBXVariantGroup section */
		2B6EC46E1E02D46B007525F4 /* Main.storyboard */ = {
			isa = PBXVariantGroup;
			children = (
				2B6EC46F1E02D46B007525F4 /* Base */,
			);
			name = Main.storyboard;
			sourceTree = "<group>";
		};
		2B6EC4731E02D46B007525F4 /* LaunchScreen.storyboard */ = {
			isa = PBXVariantGroup;
			children = (
				2B6EC4741E02D46B007525F4 /* Base */,
			);
			name = LaunchScreen.storyboard;
			sourceTree = "<group>";
		};
/* End PBXVariantGroup section */

/* Begin XCBuildConfiguration section */
		2B6EC4771E02D46B007525F4 /* Debug */ = {
			isa = XCBuildConfiguration;
			buildSettings = {
				ALWAYS_SEARCH_USER_PATHS = NO;
				CLANG_ANALYZER_NONNULL = YES;
				CLANG_CXX_LANGUAGE_STANDARD = "gnu++0x";
				CLANG_CXX_LIBRARY = "libc++";
				CLANG_ENABLE_MODULES = YES;
				CLANG_ENABLE_OBJC_ARC = YES;
				CLANG_WARN_BOOL_CONVERSION = YES;
				CLANG_WARN_CONSTANT_CONVERSION = YES;
				CLANG_WARN_DIRECT_OBJC_ISA_USAGE = YES_ERROR;
				CLANG_WARN_DOCUMENTATION_COMMENTS = YES;
				CLANG_WARN_EMPTY_BODY = YES;
				CLANG_WARN_ENUM_CONVERSION = YES;
				CLANG_WARN_INFINITE_RECURSION = YES;
				CLANG_WARN_INT_CONVERSION = YES;
				CLANG_WARN_OBJC_ROOT_CLASS = YES_ERROR;
				CLANG_WARN_SUSPICIOUS_MOVE = YES;
				CLANG_WARN_UNREACHABLE_CODE = YES;
				CLANG_WARN__DUPLICATE_METHOD_MATCH = YES;
				"CODE_SIGN_IDENTITY[sdk=iphoneos*]" = "iPhone Developer";
				COPY_PHASE_STRIP = NO;
				DEBUG_INFORMATION_FORMAT = dwarf;
				ENABLE_STRICT_OBJC_MSGSEND = YES;
				ENABLE_TESTABILITY = YES;
				GCC_C_LANGUAGE_STANDARD = gnu99;
				GCC_DYNAMIC_NO_PIC = NO;
				GCC_NO_COMMON_BLOCKS = YES;
				GCC_OPTIMIZATION_LEVEL = 0;
				GCC_PREPROCESSOR_DEFINITIONS = (
					"DEBUG=1",
					"$(inherited)",
				);
				GCC_WARN_64_TO_32_BIT_CONVERSION = YES;
				GCC_WARN_ABOUT_RETURN_TYPE = YES_ERROR;
				GCC_WARN_UNDECLARED_SELECTOR = YES;
				GCC_WARN_UNINITIALIZED_AUTOS = YES_AGGRESSIVE;
				GCC_WARN_UNUSED_FUNCTION = YES;
				GCC_WARN_UNUSED_VARIABLE = YES;
				IPHONEOS_DEPLOYMENT_TARGET = 9.0;
				MTL_ENABLE_DEBUG_INFO = YES;
				ONLY_ACTIVE_ARCH = YES;
				SDKROOT = iphoneos;
				SWIFT_ACTIVE_COMPILATION_CONDITIONS = DEBUG;
				SWIFT_OPTIMIZATION_LEVEL = "-Onone";
				TARGETED_DEVICE_FAMILY = "1,2";
			};
			name = Debug;
		};
		2B6EC4781E02D46B007525F4 /* Release */ = {
			isa = XCBuildConfiguration;
			buildSettings = {
				ALWAYS_SEARCH_USER_PATHS = NO;
				CLANG_ANALYZER_NONNULL = YES;
				CLANG_CXX_LANGUAGE_STANDARD = "gnu++0x";
				CLANG_CXX_LIBRARY = "libc++";
				CLANG_ENABLE_MODULES = YES;
				CLANG_ENABLE_OBJC_ARC = YES;
				CLANG_WARN_BOOL_CONVERSION = YES;
				CLANG_WARN_CONSTANT_CONVERSION = YES;
				CLANG_WARN_DIRECT_OBJC_ISA_USAGE = YES_ERROR;
				CLANG_WARN_DOCUMENTATION_COMMENTS = YES;
				CLANG_WARN_EMPTY_BODY = YES;
				CLANG_WARN_ENUM_CONVERSION = YES;
				CLANG_WARN_INFINITE_RECURSION = YES;
				CLANG_WARN_INT_CONVERSION = YES;
				CLANG_WARN_OBJC_ROOT_CLASS = YES_ERROR;
				CLANG_WARN_SUSPICIOUS_MOVE = YES;
				CLANG_WARN_UNREACHABLE_CODE = YES;
				CLANG_WARN__DUPLICATE_METHOD_MATCH = YES;
				"CODE_SIGN_IDENTITY[sdk=iphoneos*]" = "iPhone Developer";
				COPY_PHASE_STRIP = NO;
				DEBUG_INFORMATION_FORMAT = "dwarf-with-dsym";
				ENABLE_NS_ASSERTIONS = NO;
				ENABLE_STRICT_OBJC_MSGSEND = YES;
				GCC_C_LANGUAGE_STANDARD = gnu99;
				GCC_NO_COMMON_BLOCKS = YES;
				GCC_WARN_64_TO_32_BIT_CONVERSION = YES;
				GCC_WARN_ABOUT_RETURN_TYPE = YES_ERROR;
				GCC_WARN_UNDECLARED_SELECTOR = YES;
				GCC_WARN_UNINITIALIZED_AUTOS = YES_AGGRESSIVE;
				GCC_WARN_UNUSED_FUNCTION = YES;
				GCC_WARN_UNUSED_VARIABLE = YES;
				IPHONEOS_DEPLOYMENT_TARGET = 9.0;
				MTL_ENABLE_DEBUG_INFO = NO;
				SDKROOT = iphoneos;
				SWIFT_OPTIMIZATION_LEVEL = "-Owholemodule";
				TARGETED_DEVICE_FAMILY = "1,2";
				VALIDATE_PRODUCT = YES;
			};
			name = Release;
		};
		2B6EC47A1E02D46B007525F4 /* Debug */ = {
			isa = XCBuildConfiguration;
			buildSettings = {
				ASSETCATALOG_COMPILER_APPICON_NAME = AppIcon;
				FRAMEWORK_SEARCH_PATHS = (
					"$(inherited)",
					"$(PROJECT_DIR)",
				);
				INFOPLIST_FILE = SwiftExample/Info.plist;
				LD_RUNPATH_SEARCH_PATHS = "$(inherited) @executable_path/Frameworks";
				PRODUCT_BUNDLE_IDENTIFIER = ly.img.PhotoEditorSDK.Swift.SwiftExample;
				PRODUCT_NAME = "$(TARGET_NAME)";
				SWIFT_VERSION = 3.0;
			};
			name = Debug;
		};
		2B6EC47B1E02D46B007525F4 /* Release */ = {
			isa = XCBuildConfiguration;
			buildSettings = {
				ASSETCATALOG_COMPILER_APPICON_NAME = AppIcon;
				FRAMEWORK_SEARCH_PATHS = (
					"$(inherited)",
					"$(PROJECT_DIR)",
				);
				INFOPLIST_FILE = SwiftExample/Info.plist;
				LD_RUNPATH_SEARCH_PATHS = "$(inherited) @executable_path/Frameworks";
				PRODUCT_BUNDLE_IDENTIFIER = ly.img.PhotoEditorSDK.Swift.SwiftExample;
				PRODUCT_NAME = "$(TARGET_NAME)";
				SWIFT_VERSION = 3.0;
			};
			name = Release;
		};
/* End XCBuildConfiguration section */

/* Begin XCConfigurationList section */
		2B6EC4621E02D46A007525F4 /* Build configuration list for PBXProject "SwiftExample" */ = {
			isa = XCConfigurationList;
			buildConfigurations = (
				2B6EC4771E02D46B007525F4 /* Debug */,
				2B6EC4781E02D46B007525F4 /* Release */,
			);
			defaultConfigurationIsVisible = 0;
			defaultConfigurationName = Release;
		};
		2B6EC4791E02D46B007525F4 /* Build configuration list for PBXNativeTarget "SwiftExample" */ = {
			isa = XCConfigurationList;
			buildConfigurations = (
				2B6EC47A1E02D46B007525F4 /* Debug */,
				2B6EC47B1E02D46B007525F4 /* Release */,
			);
			defaultConfigurationIsVisible = 0;
			defaultConfigurationName = Release;
		};
/* End XCConfigurationList section */
	};
	rootObject = 2B6EC45F1E02D46A007525F4 /* Project object */;
}
