// !$*UTF8*$!
{
	archiveVersion = 1;
	classes = {
	};
	objectVersion = 46;
	objects = {

/* Begin PBXBuildFile section */
		2B3A5D901B2F095200CCF99B /* imglyKit.framework in Frameworks */ = {isa = PBXBuildFile; fileRef = 2B3F302E1B2F071F00D85301 /* imglyKit.framework */; };
		2B3A5D911B2F095200CCF99B /* imglyKit.framework in Embed Frameworks */ = {isa = PBXBuildFile; fileRef = 2B3F302E1B2F071F00D85301 /* imglyKit.framework */; settings = {ATTRIBUTES = (CodeSignOnCopy, RemoveHeadersOnCopy, ); }; };
		2BF4D7881AF11E2E00C801B2 /* Images.xcassets in Resources */ = {isa = PBXBuildFile; fileRef = 2BF4D7871AF11E2E00C801B2 /* Images.xcassets */; };
		2BF4D78B1AF11E2E00C801B2 /* LaunchScreen.xib in Resources */ = {isa = PBXBuildFile; fileRef = 2BF4D7891AF11E2E00C801B2 /* LaunchScreen.xib */; };
		2BF4D7C01AF11F7200C801B2 /* AppDelegate.swift in Sources */ = {isa = PBXBuildFile; fileRef = 2BF4D7BF1AF11F7200C801B2 /* AppDelegate.swift */; };
/* End PBXBuildFile section */

/* Begin PBXContainerItemProxy section */
		2B3A5D921B2F095200CCF99B /* PBXContainerItemProxy */ = {
			isa = PBXContainerItemProxy;
			containerPortal = 2BF4D7B41AF11ED100C801B2 /* imglyKit.xcodeproj */;
			proxyType = 1;
			remoteGlobalIDString = 2BF4D3831AF1139600C801B2;
			remoteInfo = "imglyKit iOS";
		};
		2B3F302D1B2F071F00D85301 /* PBXContainerItemProxy */ = {
			isa = PBXContainerItemProxy;
			containerPortal = 2BF4D7B41AF11ED100C801B2 /* imglyKit.xcodeproj */;
			proxyType = 2;
			remoteGlobalIDString = 2BF4D3841AF1139600C801B2;
			remoteInfo = "imglyKit iOS";
		};
		2B3F302F1B2F071F00D85301 /* PBXContainerItemProxy */ = {
			isa = PBXContainerItemProxy;
			containerPortal = 2BF4D7B41AF11ED100C801B2 /* imglyKit.xcodeproj */;
			proxyType = 2;
			remoteGlobalIDString = 2B1ADA1D1B19C86300C98522;
			remoteInfo = "imglyKit OSX";
		};
/* End PBXContainerItemProxy section */

/* Begin PBXCopyFilesBuildPhase section */
		2B3A5D941B2F095200CCF99B /* Embed Frameworks */ = {
			isa = PBXCopyFilesBuildPhase;
			buildActionMask = 2147483647;
			dstPath = "";
			dstSubfolderSpec = 10;
			files = (
				2B3A5D911B2F095200CCF99B /* imglyKit.framework in Embed Frameworks */,
			);
			name = "Embed Frameworks";
			runOnlyForDeploymentPostprocessing = 0;
		};
/* End PBXCopyFilesBuildPhase section */

/* Begin PBXFileReference section */
		2BF4D77B1AF11E2E00C801B2 /* iOS Example.app */ = {isa = PBXFileReference; explicitFileType = wrapper.application; includeInIndex = 0; path = "iOS Example.app"; sourceTree = BUILT_PRODUCTS_DIR; };
		2BF4D77F1AF11E2E00C801B2 /* Info.plist */ = {isa = PBXFileReference; lastKnownFileType = text.plist.xml; path = Info.plist; sourceTree = "<group>"; };
		2BF4D7871AF11E2E00C801B2 /* Images.xcassets */ = {isa = PBXFileReference; lastKnownFileType = folder.assetcatalog; path = Images.xcassets; sourceTree = "<group>"; };
		2BF4D78A1AF11E2E00C801B2 /* Base */ = {isa = PBXFileReference; lastKnownFileType = file.xib; name = Base; path = Base.lproj/LaunchScreen.xib; sourceTree = "<group>"; };
		2BF4D7B41AF11ED100C801B2 /* imglyKit.xcodeproj */ = {isa = PBXFileReference; lastKnownFileType = "wrapper.pb-project"; name = imglyKit.xcodeproj; path = ../imglyKit.xcodeproj; sourceTree = "<group>"; };
		2BF4D7BF1AF11F7200C801B2 /* AppDelegate.swift */ = {isa = PBXFileReference; fileEncoding = 4; lastKnownFileType = sourcecode.swift; path = AppDelegate.swift; sourceTree = "<group>"; };
/* End PBXFileReference section */

/* Begin PBXFrameworksBuildPhase section */
		2BF4D7781AF11E2E00C801B2 /* Frameworks */ = {
			isa = PBXFrameworksBuildPhase;
			buildActionMask = 2147483647;
			files = (
				2B3A5D901B2F095200CCF99B /* imglyKit.framework in Frameworks */,
			);
			runOnlyForDeploymentPostprocessing = 0;
		};
/* End PBXFrameworksBuildPhase section */

/* Begin PBXGroup section */
		2B3F30291B2F071F00D85301 /* Products */ = {
			isa = PBXGroup;
			children = (
				2B3F302E1B2F071F00D85301 /* imglyKit.framework */,
				2B3F30301B2F071F00D85301 /* imglyKit.framework */,
			);
			name = Products;
			sourceTree = "<group>";
		};
		2BF4D7721AF11E2E00C801B2 = {
			isa = PBXGroup;
			children = (
				2BF4D77D1AF11E2E00C801B2 /* iOS Example */,
				2BF4D7B41AF11ED100C801B2 /* imglyKit.xcodeproj */,
				2BF4D77C1AF11E2E00C801B2 /* Products */,
			);
			sourceTree = "<group>";
		};
		2BF4D77C1AF11E2E00C801B2 /* Products */ = {
			isa = PBXGroup;
			children = (
				2BF4D77B1AF11E2E00C801B2 /* iOS Example.app */,
			);
			name = Products;
			sourceTree = "<group>";
		};
		2BF4D77D1AF11E2E00C801B2 /* iOS Example */ = {
			isa = PBXGroup;
			children = (
				2BF4D7BF1AF11F7200C801B2 /* AppDelegate.swift */,
				2BF4D7871AF11E2E00C801B2 /* Images.xcassets */,
				2BF4D7891AF11E2E00C801B2 /* LaunchScreen.xib */,
				2BF4D77E1AF11E2E00C801B2 /* Supporting Files */,
			);
			path = "iOS Example";
			sourceTree = "<group>";
		};
		2BF4D77E1AF11E2E00C801B2 /* Supporting Files */ = {
			isa = PBXGroup;
			children = (
				2BF4D77F1AF11E2E00C801B2 /* Info.plist */,
			);
			path = "Supporting Files";
			sourceTree = "<group>";
		};
/* End PBXGroup section */

/* Begin PBXNativeTarget section */
		2BF4D77A1AF11E2E00C801B2 /* iOS Example */ = {
			isa = PBXNativeTarget;
			buildConfigurationList = 2BF4D79A1AF11E2E00C801B2 /* Build configuration list for PBXNativeTarget "iOS Example" */;
			buildPhases = (
				2BF4D7771AF11E2E00C801B2 /* Sources */,
				2BF4D7781AF11E2E00C801B2 /* Frameworks */,
				2BF4D7791AF11E2E00C801B2 /* Resources */,
				2B3A5D941B2F095200CCF99B /* Embed Frameworks */,
			);
			buildRules = (
			);
			dependencies = (
				2B3A5D931B2F095200CCF99B /* PBXTargetDependency */,
			);
			name = "iOS Example";
			productName = Example;
			productReference = 2BF4D77B1AF11E2E00C801B2 /* iOS Example.app */;
			productType = "com.apple.product-type.application";
		};
/* End PBXNativeTarget section */

/* Begin PBXProject section */
		2BF4D7731AF11E2E00C801B2 /* Project object */ = {
			isa = PBXProject;
			attributes = {
				LastSwiftMigration = 0700;
				LastSwiftUpdateCheck = 0700;
				LastUpgradeCheck = 0700;
				ORGANIZATIONNAME = "9elements GmbH";
				TargetAttributes = {
					2BF4D77A1AF11E2E00C801B2 = {
						CreatedOnToolsVersion = 6.3.1;
						DevelopmentTeam = SQTGUX3EQJ;
					};
				};
			};
			buildConfigurationList = 2BF4D7761AF11E2E00C801B2 /* Build configuration list for PBXProject "iOS Example" */;
			compatibilityVersion = "Xcode 3.2";
			developmentRegion = English;
			hasScannedForEncodings = 0;
			knownRegions = (
				en,
				Base,
			);
			mainGroup = 2BF4D7721AF11E2E00C801B2;
			productRefGroup = 2BF4D77C1AF11E2E00C801B2 /* Products */;
			projectDirPath = "";
			projectReferences = (
				{
					ProductGroup = 2B3F30291B2F071F00D85301 /* Products */;
					ProjectRef = 2BF4D7B41AF11ED100C801B2 /* imglyKit.xcodeproj */;
				},
			);
			projectRoot = "";
			targets = (
				2BF4D77A1AF11E2E00C801B2 /* iOS Example */,
			);
		};
/* End PBXProject section */

/* Begin PBXReferenceProxy section */
		2B3F302E1B2F071F00D85301 /* imglyKit.framework */ = {
			isa = PBXReferenceProxy;
			fileType = wrapper.framework;
			path = imglyKit.framework;
			remoteRef = 2B3F302D1B2F071F00D85301 /* PBXContainerItemProxy */;
			sourceTree = BUILT_PRODUCTS_DIR;
		};
		2B3F30301B2F071F00D85301 /* imglyKit.framework */ = {
			isa = PBXReferenceProxy;
			fileType = wrapper.framework;
			path = imglyKit.framework;
			remoteRef = 2B3F302F1B2F071F00D85301 /* PBXContainerItemProxy */;
			sourceTree = BUILT_PRODUCTS_DIR;
		};
/* End PBXReferenceProxy section */

/* Begin PBXResourcesBuildPhase section */
		2BF4D7791AF11E2E00C801B2 /* Resources */ = {
			isa = PBXResourcesBuildPhase;
			buildActionMask = 2147483647;
			files = (
				2BF4D78B1AF11E2E00C801B2 /* LaunchScreen.xib in Resources */,
				2BF4D7881AF11E2E00C801B2 /* Images.xcassets in Resources */,
			);
			runOnlyForDeploymentPostprocessing = 0;
		};
/* End PBXResourcesBuildPhase section */

/* Begin PBXSourcesBuildPhase section */
		2BF4D7771AF11E2E00C801B2 /* Sources */ = {
			isa = PBXSourcesBuildPhase;
			buildActionMask = 2147483647;
			files = (
				2BF4D7C01AF11F7200C801B2 /* AppDelegate.swift in Sources */,
			);
			runOnlyForDeploymentPostprocessing = 0;
		};
/* End PBXSourcesBuildPhase section */

/* Begin PBXTargetDependency section */
		2B3A5D931B2F095200CCF99B /* PBXTargetDependency */ = {
			isa = PBXTargetDependency;
			name = "imglyKit iOS";
			targetProxy = 2B3A5D921B2F095200CCF99B /* PBXContainerItemProxy */;
		};
/* End PBXTargetDependency section */

/* Begin PBXVariantGroup section */
		2BF4D7891AF11E2E00C801B2 /* LaunchScreen.xib */ = {
			isa = PBXVariantGroup;
			children = (
				2BF4D78A1AF11E2E00C801B2 /* Base */,
			);
			name = LaunchScreen.xib;
			path = .;
			sourceTree = "<group>";
		};
/* End PBXVariantGroup section */

/* Begin XCBuildConfiguration section */
		2BF4D7981AF11E2E00C801B2 /* Debug */ = {
			isa = XCBuildConfiguration;
			buildSettings = {
				ALWAYS_SEARCH_USER_PATHS = NO;
				CLANG_CXX_LANGUAGE_STANDARD = "gnu++0x";
				CLANG_CXX_LIBRARY = "libc++";
				CLANG_ENABLE_MODULES = YES;
				CLANG_ENABLE_OBJC_ARC = YES;
				CLANG_WARN_BOOL_CONVERSION = YES;
				CLANG_WARN_CONSTANT_CONVERSION = YES;
				CLANG_WARN_DIRECT_OBJC_ISA_USAGE = YES_ERROR;
				CLANG_WARN_EMPTY_BODY = YES;
				CLANG_WARN_ENUM_CONVERSION = YES;
				CLANG_WARN_INT_CONVERSION = YES;
				CLANG_WARN_OBJC_ROOT_CLASS = YES_ERROR;
				CLANG_WARN_UNREACHABLE_CODE = YES;
				CLANG_WARN__DUPLICATE_METHOD_MATCH = YES;
				"CODE_SIGN_IDENTITY[sdk=iphoneos*]" = "iPhone Developer";
				COPY_PHASE_STRIP = NO;
				DEBUG_INFORMATION_FORMAT = "dwarf-with-dsym";
				ENABLE_STRICT_OBJC_MSGSEND = YES;
				ENABLE_TESTABILITY = YES;
				GCC_C_LANGUAGE_STANDARD = gnu99;
				GCC_DYNAMIC_NO_PIC = NO;
				GCC_NO_COMMON_BLOCKS = YES;
				GCC_OPTIMIZATION_LEVEL = 0;
				GCC_PREPROCESSOR_DEFINITIONS = (
					"DEBUG=1",
					"$(inherited)",
				);
				GCC_SYMBOLS_PRIVATE_EXTERN = NO;
				GCC_WARN_64_TO_32_BIT_CONVERSION = YES;
				GCC_WARN_ABOUT_RETURN_TYPE = YES_ERROR;
				GCC_WARN_UNDECLARED_SELECTOR = YES;
				GCC_WARN_UNINITIALIZED_AUTOS = YES_AGGRESSIVE;
				GCC_WARN_UNUSED_FUNCTION = YES;
				GCC_WARN_UNUSED_VARIABLE = YES;
				IPHONEOS_DEPLOYMENT_TARGET = 8.0;
				MTL_ENABLE_DEBUG_INFO = YES;
				ONLY_ACTIVE_ARCH = YES;
				SDKROOT = iphoneos;
				SWIFT_OPTIMIZATION_LEVEL = "-Onone";
				TARGETED_DEVICE_FAMILY = "1,2";
			};
			name = Debug;
		};
		2BF4D7991AF11E2E00C801B2 /* Release */ = {
			isa = XCBuildConfiguration;
			buildSettings = {
				ALWAYS_SEARCH_USER_PATHS = NO;
				CLANG_CXX_LANGUAGE_STANDARD = "gnu++0x";
				CLANG_CXX_LIBRARY = "libc++";
				CLANG_ENABLE_MODULES = YES;
				CLANG_ENABLE_OBJC_ARC = YES;
				CLANG_WARN_BOOL_CONVERSION = YES;
				CLANG_WARN_CONSTANT_CONVERSION = YES;
				CLANG_WARN_DIRECT_OBJC_ISA_USAGE = YES_ERROR;
				CLANG_WARN_EMPTY_BODY = YES;
				CLANG_WARN_ENUM_CONVERSION = YES;
				CLANG_WARN_INT_CONVERSION = YES;
				CLANG_WARN_OBJC_ROOT_CLASS = YES_ERROR;
				CLANG_WARN_UNREACHABLE_CODE = YES;
				CLANG_WARN__DUPLICATE_METHOD_MATCH = YES;
				"CODE_SIGN_IDENTITY[sdk=iphoneos*]" = "iPhone Developer";
				COPY_PHASE_STRIP = NO;
				DEBUG_INFORMATION_FORMAT = "dwarf-with-dsym";
				ENABLE_NS_ASSERTIONS = NO;
				ENABLE_STRICT_OBJC_MSGSEND = YES;
				GCC_C_LANGUAGE_STANDARD = gnu99;
				GCC_NO_COMMON_BLOCKS = YES;
				GCC_WARN_64_TO_32_BIT_CONVERSION = YES;
				GCC_WARN_ABOUT_RETURN_TYPE = YES_ERROR;
				GCC_WARN_UNDECLARED_SELECTOR = YES;
				GCC_WARN_UNINITIALIZED_AUTOS = YES_AGGRESSIVE;
				GCC_WARN_UNUSED_FUNCTION = YES;
				GCC_WARN_UNUSED_VARIABLE = YES;
				IPHONEOS_DEPLOYMENT_TARGET = 8.0;
				MTL_ENABLE_DEBUG_INFO = NO;
				SDKROOT = iphoneos;
				TARGETED_DEVICE_FAMILY = "1,2";
				VALIDATE_PRODUCT = YES;
			};
			name = Release;
		};
		2BF4D79B1AF11E2E00C801B2 /* Debug */ = {
			isa = XCBuildConfiguration;
			buildSettings = {
				ASSETCATALOG_COMPILER_APPICON_NAME = AppIcon;
				CLANG_ENABLE_MODULES = YES;
				CODE_SIGN_IDENTITY = "iPhone Developer";
				"CODE_SIGN_IDENTITY[sdk=iphoneos*]" = "iPhone Developer";
				INFOPLIST_FILE = "iOS Example/Supporting Files/Info.plist";
				LD_RUNPATH_SEARCH_PATHS = "$(inherited) @executable_path/Frameworks";
				PRODUCT_BUNDLE_IDENTIFIER = "com.9elements.$(PRODUCT_NAME:rfc1034identifier)";
				PRODUCT_NAME = "iOS Example";
				PROVISIONING_PROFILE = "";
				SWIFT_OPTIMIZATION_LEVEL = "-Onone";
				TARGETED_DEVICE_FAMILY = 1;
			};
			name = Debug;
		};
		2BF4D79C1AF11E2E00C801B2 /* Release */ = {
			isa = XCBuildConfiguration;
			buildSettings = {
				ASSETCATALOG_COMPILER_APPICON_NAME = AppIcon;
				CLANG_ENABLE_MODULES = YES;
				CODE_SIGN_IDENTITY = "iPhone Developer";
				"CODE_SIGN_IDENTITY[sdk=iphoneos*]" = "iPhone Developer";
				INFOPLIST_FILE = "iOS Example/Supporting Files/Info.plist";
				LD_RUNPATH_SEARCH_PATHS = "$(inherited) @executable_path/Frameworks";
				PRODUCT_BUNDLE_IDENTIFIER = "com.9elements.$(PRODUCT_NAME:rfc1034identifier)";
				PRODUCT_NAME = "iOS Example";
				TARGETED_DEVICE_FAMILY = 1;
				PROVISIONING_PROFILE = "";
			};
			name = Release;
		};
/* End XCBuildConfiguration section */

/* Begin XCConfigurationList section */
		2BF4D7761AF11E2E00C801B2 /* Build configuration list for PBXProject "iOS Example" */ = {
			isa = XCConfigurationList;
			buildConfigurations = (
				2BF4D7981AF11E2E00C801B2 /* Debug */,
				2BF4D7991AF11E2E00C801B2 /* Release */,
			);
			defaultConfigurationIsVisible = 0;
			defaultConfigurationName = Release;
		};
		2BF4D79A1AF11E2E00C801B2 /* Build configuration list for PBXNativeTarget "iOS Example" */ = {
			isa = XCConfigurationList;
			buildConfigurations = (
				2BF4D79B1AF11E2E00C801B2 /* Debug */,
				2BF4D79C1AF11E2E00C801B2 /* Release */,
			);
			defaultConfigurationIsVisible = 0;
			defaultConfigurationName = Release;
		};
/* End XCConfigurationList section */
	};
	rootObject = 2BF4D7731AF11E2E00C801B2 /* Project object */;
}
